{
  "requires": true,
  "lockfileVersion": 1,
  "dependencies": {
    "blob-polyfill": {
      "version": "7.0.20220408",
      "resolved": "https://registry.npmmirror.com/blob-polyfill/-/blob-polyfill-7.0.20220408.tgz",
      "integrity": "sha512-oD8Ydw+5lNoqq+en24iuPt1QixdPpe/nUF8azTHnviCZYu9zUC+TwdzIp5orpblJosNlgNbVmmAb//c6d6ImUQ=="
    }
  }
}
